
Microsoft Visual Studio Solution File, Format Version 12.00
# Visual Studio Version 16
VisualStudioVersion = 16.0.30523.141
MinimumVisualStudioVersion = 10.0.40219.1
Project("{FAE04EC0-301F-11D3-BF4B-00C04F79EFBC}") = "Lampadina", "Lampadina\Lampadina.csproj", "{AFE2DE22-EEBB-44FF-BF82-43848B0D2E48}"
EndProject
Global
	GlobalSection(SolutionConfigurationPlatforms) = preSolution
		Debug|Any CPU = Debug|Any CPU
		Release|Any CPU = Release|Any CPU
	EndGlobalSection
	GlobalSection(ProjectConfigurationPlatforms) = postSolution
		{AFE2DE22-EEBB-44FF-BF82-43848B0D2E48}.Debug|Any CPU.ActiveCfg = Debug|Any CPU
		{AFE2DE22-EEBB-44FF-BF82-43848B0D2E48}.Debug|Any CPU.Build.0 = Debug|Any CPU
		{AFE2DE22-EEBB-44FF-BF82-43848B0D2E48}.Release|Any CPU.ActiveCfg = Release|Any CPU
		{AFE2DE22-EEBB-44FF-BF82-43848B0D2E48}.Release|Any CPU.Build.0 = Release|Any CPU
	EndGlobalSection
	GlobalSection(SolutionProperties) = preSolution
		HideSolutionNode = FALSE
	EndGlobalSection
	GlobalSection(ExtensibilityGlobals) = postSolution
		SolutionGuid = {2CC7E740-1CF7-4181-8DEA-2F9C72F24467}
	EndGlobalSection
EndGlobal
